
Microsoft Visual Studio Solution File, Format Version 12.00
# Visual Studio 15
VisualStudioVersion = 15.0.27004.2009
MinimumVisualStudioVersion = 10.0.40219.1
Project("{9A19103F-16F7-4668-BE54-9A1E7A4F7556}") = "Cake.Talend", "Cake.Talend\Cake.Talend.csproj", "{09C9BD44-7715-4E46-BA9B-32E00B434467}"
EndProject
Project("{FAE04EC0-301F-11D3-BF4B-00C04F79EFBC}") = "Cake.Talend.Tests", "Cake.Talend.Tests\Cake.Talend.Tests.csproj", "{87AF910D-F8C0-42AE-A9B4-406ABC8F67D9}"
EndProject
Global
	GlobalSection(SolutionConfigurationPlatforms) = preSolution
		Debug|Any CPU = Debug|Any CPU
		Release|Any CPU = Release|Any CPU
	EndGlobalSection
	GlobalSection(ProjectConfigurationPlatforms) = postSolution
		{09C9BD44-7715-4E46-BA9B-32E00B434467}.Debug|Any CPU.ActiveCfg = Debug|Any CPU
		{09C9BD44-7715-4E46-BA9B-32E00B434467}.Debug|Any CPU.Build.0 = Debug|Any CPU
		{09C9BD44-7715-4E46-BA9B-32E00B434467}.Release|Any CPU.ActiveCfg = Release|Any CPU
		{09C9BD44-7715-4E46-BA9B-32E00B434467}.Release|Any CPU.Build.0 = Release|Any CPU
		{87AF910D-F8C0-42AE-A9B4-406ABC8F67D9}.Debug|Any CPU.ActiveCfg = Debug|Any CPU
		{87AF910D-F8C0-42AE-A9B4-406ABC8F67D9}.Debug|Any CPU.Build.0 = Debug|Any CPU
		{87AF910D-F8C0-42AE-A9B4-406ABC8F67D9}.Release|Any CPU.ActiveCfg = Release|Any CPU
		{87AF910D-F8C0-42AE-A9B4-406ABC8F67D9}.Release|Any CPU.Build.0 = Release|Any CPU
	EndGlobalSection
	GlobalSection(SolutionProperties) = preSolution
		HideSolutionNode = FALSE
	EndGlobalSection
	GlobalSection(ExtensibilityGlobals) = postSolution
		SolutionGuid = {1179514E-67DE-44A4-957F-59979078A0C4}
	EndGlobalSection
EndGlobal
